
Microsoft Visual Studio Solution File, Format Version 12.00
# Visual Studio Version 17
VisualStudioVersion = 17.8.34330.188
MinimumVisualStudioVersion = 10.0.40219.1
Project("{FAE04EC0-301F-11D3-BF4B-00C04F79EFBC}") = "UcenjeCS", "UcenjeCS\UcenjeCS.csproj", "{58BB837D-E5CC-4607-A460-AD94864D6BE9}"
EndProject
Global
	GlobalSection(SolutionConfigurationPlatforms) = preSolution
		Debug|Any CPU = Debug|Any CPU
		Release|Any CPU = Release|Any CPU
	EndGlobalSection
	GlobalSection(ProjectConfigurationPlatforms) = postSolution
		{58BB837D-E5CC-4607-A460-AD94864D6BE9}.Debug|Any CPU.ActiveCfg = Debug|Any CPU
		{58BB837D-E5CC-4607-A460-AD94864D6BE9}.Debug|Any CPU.Build.0 = Debug|Any CPU
		{58BB837D-E5CC-4607-A460-AD94864D6BE9}.Release|Any CPU.ActiveCfg = Release|Any CPU
		{58BB837D-E5CC-4607-A460-AD94864D6BE9}.Release|Any CPU.Build.0 = Release|Any CPU
	EndGlobalSection
	GlobalSection(SolutionProperties) = preSolution
		HideSolutionNode = FALSE
	EndGlobalSection
	GlobalSection(ExtensibilityGlobals) = postSolution
		SolutionGuid = {225AD6DC-91E6-485B-A5AB-ACA3B694B6CA}
	EndGlobalSection
EndGlobal
