
Microsoft Visual Studio Solution File, Format Version 12.00
# Visual Studio Version 17
VisualStudioVersion = 17.8.34330.188
MinimumVisualStudioVersion = 10.0.40219.1
Project("{9A19103F-16F7-4668-BE54-9A1E7A4F7556}") = "WebAPI", "WebAPI\WebAPI.csproj", "{4F0F8B57-D64F-4575-9EB3-6C5C7E98F7F4}"
EndProject
Project("{9A19103F-16F7-4668-BE54-9A1E7A4F7556}") = "WebAPIDemo", "WebAPIDemo\WebAPIDemo.csproj", "{8AE06EA5-F11C-4840-97DB-656EBE9898B0}"
EndProject
Project("{FAE04EC0-301F-11D3-BF4B-00C04F79EFBC}") = "UcenjeCS", "UcenjeCS\UcenjeCS.csproj", "{F568FF1B-B1AB-4C41-BB32-BC306E54A5DF}"
EndProject
Global
	GlobalSection(SolutionConfigurationPlatforms) = preSolution
		Debug|Any CPU = Debug|Any CPU
		Release|Any CPU = Release|Any CPU
	EndGlobalSection
	GlobalSection(ProjectConfigurationPlatforms) = postSolution
		{4F0F8B57-D64F-4575-9EB3-6C5C7E98F7F4}.Debug|Any CPU.ActiveCfg = Debug|Any CPU
		{4F0F8B57-D64F-4575-9EB3-6C5C7E98F7F4}.Debug|Any CPU.Build.0 = Debug|Any CPU
		{4F0F8B57-D64F-4575-9EB3-6C5C7E98F7F4}.Release|Any CPU.ActiveCfg = Release|Any CPU
		{4F0F8B57-D64F-4575-9EB3-6C5C7E98F7F4}.Release|Any CPU.Build.0 = Release|Any CPU
		{8AE06EA5-F11C-4840-97DB-656EBE9898B0}.Debug|Any CPU.ActiveCfg = Debug|Any CPU
		{8AE06EA5-F11C-4840-97DB-656EBE9898B0}.Debug|Any CPU.Build.0 = Debug|Any CPU
		{8AE06EA5-F11C-4840-97DB-656EBE9898B0}.Release|Any CPU.ActiveCfg = Release|Any CPU
		{8AE06EA5-F11C-4840-97DB-656EBE9898B0}.Release|Any CPU.Build.0 = Release|Any CPU
		{F568FF1B-B1AB-4C41-BB32-BC306E54A5DF}.Debug|Any CPU.ActiveCfg = Debug|Any CPU
		{F568FF1B-B1AB-4C41-BB32-BC306E54A5DF}.Debug|Any CPU.Build.0 = Debug|Any CPU
		{F568FF1B-B1AB-4C41-BB32-BC306E54A5DF}.Release|Any CPU.ActiveCfg = Release|Any CPU
		{F568FF1B-B1AB-4C41-BB32-BC306E54A5DF}.Release|Any CPU.Build.0 = Release|Any CPU
	EndGlobalSection
	GlobalSection(SolutionProperties) = preSolution
		HideSolutionNode = FALSE
	EndGlobalSection
	GlobalSection(ExtensibilityGlobals) = postSolution
		SolutionGuid = {225AD6DC-91E6-485B-A5AB-ACA3B694B6CA}
	EndGlobalSection
EndGlobal
